// !$*UTF8*$!
{
	archiveVersion = 1;
	classes = {
	};
	objectVersion = 56;
	objects = {

/* Begin PBXBuildFile section */
		B017DD112C10C80500EE1C9F /* ToDoListApp.swift in Sources */ = {isa = PBXBuildFile; fileRef = B017DD102C10C80500EE1C9F /* ToDoListApp.swift */; };
		B017DD132C10C80500EE1C9F /* MainView.swift in Sources */ = {isa = PBXBuildFile; fileRef = B017DD122C10C80500EE1C9F /* MainView.swift */; };
		B017DD152C10C80600EE1C9F /* Assets.xcassets in Resources */ = {isa = PBXBuildFile; fileRef = B017DD142C10C80600EE1C9F /* Assets.xcassets */; };
		B017DD182C10C80600EE1C9F /* Preview Assets.xcassets in Resources */ = {isa = PBXBuildFile; fileRef = B017DD172C10C80600EE1C9F /* Preview Assets.xcassets */; };
		B01DFEE82C10CBE700217F70 /* GoogleService-Info.plist in Resources */ = {isa = PBXBuildFile; fileRef = B01DFEE72C10CBE700217F70 /* GoogleService-Info.plist */; };
		B01DFEE92C10CBE700217F70 /* GoogleService-Info.plist in Resources */ = {isa = PBXBuildFile; fileRef = B01DFEE72C10CBE700217F70 /* GoogleService-Info.plist */; };
		B01DFEEA2C10CBE700217F70 /* GoogleService-Info.plist in Resources */ = {isa = PBXBuildFile; fileRef = B01DFEE72C10CBE700217F70 /* GoogleService-Info.plist */; };
		B01DFEED2C10CDE900217F70 /* FirebaseAuth in Frameworks */ = {isa = PBXBuildFile; productRef = B01DFEEC2C10CDE900217F70 /* FirebaseAuth */; };
		B01DFEEF2C10CDE900217F70 /* FirebaseFirestore in Frameworks */ = {isa = PBXBuildFile; productRef = B01DFEEE2C10CDE900217F70 /* FirebaseFirestore */; };
		B01DFEF12C10CDE900217F70 /* FirebaseFirestoreSwift in Frameworks */ = {isa = PBXBuildFile; productRef = B01DFEF02C10CDE900217F70 /* FirebaseFirestoreSwift */; };
		B01DFEF72C10E12A00217F70 /* ProfileView.swift in Sources */ = {isa = PBXBuildFile; fileRef = B01DFEF62C10E12A00217F70 /* ProfileView.swift */; };
		B01DFEF92C10E18300217F70 /* ToDoListItemsView.swift in Sources */ = {isa = PBXBuildFile; fileRef = B01DFEF82C10E18300217F70 /* ToDoListItemsView.swift */; };
		B01DFEFB2C10E1B100217F70 /* NewItemView.swift in Sources */ = {isa = PBXBuildFile; fileRef = B01DFEFA2C10E1B100217F70 /* NewItemView.swift */; };
		B01DFEFD2C10E1C200217F70 /* LoginView.swift in Sources */ = {isa = PBXBuildFile; fileRef = B01DFEFC2C10E1C200217F70 /* LoginView.swift */; };
		B01DFEFF2C10E1CA00217F70 /* RegisterView.swift in Sources */ = {isa = PBXBuildFile; fileRef = B01DFEFE2C10E1CA00217F70 /* RegisterView.swift */; };
		B01DFF032C10E20D00217F70 /* ToDoListView.swift in Sources */ = {isa = PBXBuildFile; fileRef = B01DFF022C10E20D00217F70 /* ToDoListView.swift */; };
		B01DFF052C10E22300217F70 /* User.swift in Sources */ = {isa = PBXBuildFile; fileRef = B01DFF042C10E22300217F70 /* User.swift */; };
		B01DFF072C10E22A00217F70 /* ToDoListItem.swift in Sources */ = {isa = PBXBuildFile; fileRef = B01DFF062C10E22A00217F70 /* ToDoListItem.swift */; };
		B01DFF092C10E26A00217F70 /* MainViewModel.swift in Sources */ = {isa = PBXBuildFile; fileRef = B01DFF082C10E26A00217F70 /* MainViewModel.swift */; };
		B01DFF0B2C10E27700217F70 /* ProfileViewModel.swift in Sources */ = {isa = PBXBuildFile; fileRef = B01DFF0A2C10E27700217F70 /* ProfileViewModel.swift */; };
		B01DFF0D2C10E28200217F70 /* ToDoListItemsViewModel.swift in Sources */ = {isa = PBXBuildFile; fileRef = B01DFF0C2C10E28200217F70 /* ToDoListItemsViewModel.swift */; };
		B01DFF0F2C10E28D00217F70 /* NewItemViewModel.swift in Sources */ = {isa = PBXBuildFile; fileRef = B01DFF0E2C10E28D00217F70 /* NewItemViewModel.swift */; };
		B01DFF112C10E29400217F70 /* LoginViewModel.swift in Sources */ = {isa = PBXBuildFile; fileRef = B01DFF102C10E29400217F70 /* LoginViewModel.swift */; };
		B01DFF132C10E29E00217F70 /* RegisterViewModel.swift in Sources */ = {isa = PBXBuildFile; fileRef = B01DFF122C10E29E00217F70 /* RegisterViewModel.swift */; };
		B01DFF152C10E2A700217F70 /* ToDoListViewModel.swift in Sources */ = {isa = PBXBuildFile; fileRef = B01DFF142C10E2A700217F70 /* ToDoListViewModel.swift */; };
		B01DFF182C10E7C300217F70 /* HeaderView.swift in Sources */ = {isa = PBXBuildFile; fileRef = B01DFF172C10E7C300217F70 /* HeaderView.swift */; };
		B093278D2C11009000DA6ECD /* TDLButton.swift in Sources */ = {isa = PBXBuildFile; fileRef = B093278C2C11009000DA6ECD /* TDLButton.swift */; };
/* End PBXBuildFile section */

/* Begin PBXContainerItemProxy section */
		B017DD1E2C10C80600EE1C9F /* PBXContainerItemProxy */ = {
			isa = PBXContainerItemProxy;
			containerPortal = B017DD052C10C80500EE1C9F /* Project object */;
			proxyType = 1;
			remoteGlobalIDString = B017DD0C2C10C80500EE1C9F;
			remoteInfo = ToDoList;
		};
		B017DD282C10C80600EE1C9F /* PBXContainerItemProxy */ = {
			isa = PBXContainerItemProxy;
			containerPortal = B017DD052C10C80500EE1C9F /* Project object */;
			proxyType = 1;
			remoteGlobalIDString = B017DD0C2C10C80500EE1C9F;
			remoteInfo = ToDoList;
		};
/* End PBXContainerItemProxy section */

/* Begin PBXFileReference section */
		B017DD0D2C10C80500EE1C9F /* ToDoList.app */ = {isa = PBXFileReference; explicitFileType = wrapper.application; includeInIndex = 0; path = ToDoList.app; sourceTree = BUILT_PRODUCTS_DIR; };
		B017DD102C10C80500EE1C9F /* ToDoListApp.swift */ = {isa = PBXFileReference; lastKnownFileType = sourcecode.swift; path = ToDoListApp.swift; sourceTree = "<group>"; };
		B017DD122C10C80500EE1C9F /* MainView.swift */ = {isa = PBXFileReference; lastKnownFileType = sourcecode.swift; path = MainView.swift; sourceTree = "<group>"; };
		B017DD142C10C80600EE1C9F /* Assets.xcassets */ = {isa = PBXFileReference; lastKnownFileType = folder.assetcatalog; path = Assets.xcassets; sourceTree = "<group>"; };
		B017DD172C10C80600EE1C9F /* Preview Assets.xcassets */ = {isa = PBXFileReference; lastKnownFileType = folder.assetcatalog; path = "Preview Assets.xcassets"; sourceTree = "<group>"; };
		B017DD1D2C10C80600EE1C9F /* ToDoListTests.xctest */ = {isa = PBXFileReference; explicitFileType = wrapper.cfbundle; includeInIndex = 0; path = ToDoListTests.xctest; sourceTree = BUILT_PRODUCTS_DIR; };
		B017DD272C10C80600EE1C9F /* ToDoListUITests.xctest */ = {isa = PBXFileReference; explicitFileType = wrapper.cfbundle; includeInIndex = 0; path = ToDoListUITests.xctest; sourceTree = BUILT_PRODUCTS_DIR; };
		B01DFEE72C10CBE700217F70 /* GoogleService-Info.plist */ = {isa = PBXFileReference; fileEncoding = 4; lastKnownFileType = text.plist.xml; path = "GoogleService-Info.plist"; sourceTree = "<group>"; };
		B01DFEF62C10E12A00217F70 /* ProfileView.swift */ = {isa = PBXFileReference; lastKnownFileType = sourcecode.swift; path = ProfileView.swift; sourceTree = "<group>"; };
		B01DFEF82C10E18300217F70 /* ToDoListItemsView.swift */ = {isa = PBXFileReference; lastKnownFileType = sourcecode.swift; path = ToDoListItemsView.swift; sourceTree = "<group>"; };
		B01DFEFA2C10E1B100217F70 /* NewItemView.swift */ = {isa = PBXFileReference; lastKnownFileType = sourcecode.swift; path = NewItemView.swift; sourceTree = "<group>"; };
		B01DFEFC2C10E1C200217F70 /* LoginView.swift */ = {isa = PBXFileReference; lastKnownFileType = sourcecode.swift; path = LoginView.swift; sourceTree = "<group>"; };
		B01DFEFE2C10E1CA00217F70 /* RegisterView.swift */ = {isa = PBXFileReference; lastKnownFileType = sourcecode.swift; path = RegisterView.swift; sourceTree = "<group>"; };
		B01DFF022C10E20D00217F70 /* ToDoListView.swift */ = {isa = PBXFileReference; lastKnownFileType = sourcecode.swift; path = ToDoListView.swift; sourceTree = "<group>"; };
		B01DFF042C10E22300217F70 /* User.swift */ = {isa = PBXFileReference; lastKnownFileType = sourcecode.swift; path = User.swift; sourceTree = "<group>"; };
		B01DFF062C10E22A00217F70 /* ToDoListItem.swift */ = {isa = PBXFileReference; lastKnownFileType = sourcecode.swift; path = ToDoListItem.swift; sourceTree = "<group>"; };
		B01DFF082C10E26A00217F70 /* MainViewModel.swift */ = {isa = PBXFileReference; lastKnownFileType = sourcecode.swift; path = MainViewModel.swift; sourceTree = "<group>"; };
		B01DFF0A2C10E27700217F70 /* ProfileViewModel.swift */ = {isa = PBXFileReference; lastKnownFileType = sourcecode.swift; path = ProfileViewModel.swift; sourceTree = "<group>"; };
		B01DFF0C2C10E28200217F70 /* ToDoListItemsViewModel.swift */ = {isa = PBXFileReference; lastKnownFileType = sourcecode.swift; path = ToDoListItemsViewModel.swift; sourceTree = "<group>"; };
		B01DFF0E2C10E28D00217F70 /* NewItemViewModel.swift */ = {isa = PBXFileReference; lastKnownFileType = sourcecode.swift; path = NewItemViewModel.swift; sourceTree = "<group>"; };
		B01DFF102C10E29400217F70 /* LoginViewModel.swift */ = {isa = PBXFileReference; lastKnownFileType = sourcecode.swift; path = LoginViewModel.swift; sourceTree = "<group>"; };
		B01DFF122C10E29E00217F70 /* RegisterViewModel.swift */ = {isa = PBXFileReference; lastKnownFileType = sourcecode.swift; path = RegisterViewModel.swift; sourceTree = "<group>"; };
		B01DFF142C10E2A700217F70 /* ToDoListViewModel.swift */ = {isa = PBXFileReference; lastKnownFileType = sourcecode.swift; path = ToDoListViewModel.swift; sourceTree = "<group>"; };
		B01DFF172C10E7C300217F70 /* HeaderView.swift */ = {isa = PBXFileReference; lastKnownFileType = sourcecode.swift; path = HeaderView.swift; sourceTree = "<group>"; };
		B093278C2C11009000DA6ECD /* TDLButton.swift */ = {isa = PBXFileReference; lastKnownFileType = sourcecode.swift; path = TDLButton.swift; sourceTree = "<group>"; };
/* End PBXFileReference section */

/* Begin PBXFrameworksBuildPhase section */
		B017DD0A2C10C80500EE1C9F /* Frameworks */ = {
			isa = PBXFrameworksBuildPhase;
			buildActionMask = 2147483647;
			files = (
				B01DFEED2C10CDE900217F70 /* FirebaseAuth in Frameworks */,
				B01DFEEF2C10CDE900217F70 /* FirebaseFirestore in Frameworks */,
				B01DFEF12C10CDE900217F70 /* FirebaseFirestoreSwift in Frameworks */,
			);
			runOnlyForDeploymentPostprocessing = 0;
		};
		B017DD1A2C10C80600EE1C9F /* Frameworks */ = {
			isa = PBXFrameworksBuildPhase;
			buildActionMask = 2147483647;
			files = (
			);
			runOnlyForDeploymentPostprocessing = 0;
		};
		B017DD242C10C80600EE1C9F /* Frameworks */ = {
			isa = PBXFrameworksBuildPhase;
			buildActionMask = 2147483647;
			files = (
			);
			runOnlyForDeploymentPostprocessing = 0;
		};
/* End PBXFrameworksBuildPhase section */

/* Begin PBXGroup section */
		B017DD042C10C80500EE1C9F = {
			isa = PBXGroup;
			children = (
				B017DD0F2C10C80500EE1C9F /* ToDoList */,
				B017DD0E2C10C80500EE1C9F /* Products */,
			);
			sourceTree = "<group>";
		};
		B017DD0E2C10C80500EE1C9F /* Products */ = {
			isa = PBXGroup;
			children = (
				B017DD0D2C10C80500EE1C9F /* ToDoList.app */,
				B017DD1D2C10C80600EE1C9F /* ToDoListTests.xctest */,
				B017DD272C10C80600EE1C9F /* ToDoListUITests.xctest */,
			);
			name = Products;
			sourceTree = "<group>";
		};
		B017DD0F2C10C80500EE1C9F /* ToDoList */ = {
			isa = PBXGroup;
			children = (
				B01DFEF52C10E01E00217F70 /* Other */,
				B01DFEF42C10E01800217F70 /* Models */,
				B01DFEF32C10E00B00217F70 /* ViewModels */,
				B01DFEF22C10DFFE00217F70 /* Views */,
				B017DD142C10C80600EE1C9F /* Assets.xcassets */,
				B017DD162C10C80600EE1C9F /* Preview Content */,
			);
			path = ToDoList;
			sourceTree = "<group>";
		};
		B017DD162C10C80600EE1C9F /* Preview Content */ = {
			isa = PBXGroup;
			children = (
				B017DD172C10C80600EE1C9F /* Preview Assets.xcassets */,
			);
			path = "Preview Content";
			sourceTree = "<group>";
		};
		B01DFEF22C10DFFE00217F70 /* Views */ = {
			isa = PBXGroup;
			children = (
				B01DFF162C10E7B400217F70 /* ComponentViews */,
				B017DD122C10C80500EE1C9F /* MainView.swift */,
				B01DFEF62C10E12A00217F70 /* ProfileView.swift */,
				B01DFEF82C10E18300217F70 /* ToDoListItemsView.swift */,
				B01DFEFA2C10E1B100217F70 /* NewItemView.swift */,
				B01DFEFC2C10E1C200217F70 /* LoginView.swift */,
				B01DFEFE2C10E1CA00217F70 /* RegisterView.swift */,
				B01DFF022C10E20D00217F70 /* ToDoListView.swift */,
			);
			path = Views;
			sourceTree = "<group>";
		};
		B01DFEF32C10E00B00217F70 /* ViewModels */ = {
			isa = PBXGroup;
			children = (
				B01DFF082C10E26A00217F70 /* MainViewModel.swift */,
				B01DFF0A2C10E27700217F70 /* ProfileViewModel.swift */,
				B01DFF0C2C10E28200217F70 /* ToDoListItemsViewModel.swift */,
				B01DFF0E2C10E28D00217F70 /* NewItemViewModel.swift */,
				B01DFF102C10E29400217F70 /* LoginViewModel.swift */,
				B01DFF122C10E29E00217F70 /* RegisterViewModel.swift */,
				B01DFF142C10E2A700217F70 /* ToDoListViewModel.swift */,
			);
			path = ViewModels;
			sourceTree = "<group>";
		};
		B01DFEF42C10E01800217F70 /* Models */ = {
			isa = PBXGroup;
			children = (
				B01DFF042C10E22300217F70 /* User.swift */,
				B01DFF062C10E22A00217F70 /* ToDoListItem.swift */,
			);
			path = Models;
			sourceTree = "<group>";
		};
		B01DFEF52C10E01E00217F70 /* Other */ = {
			isa = PBXGroup;
			children = (
				B01DFEE72C10CBE700217F70 /* GoogleService-Info.plist */,
				B017DD102C10C80500EE1C9F /* ToDoListApp.swift */,
			);
			path = Other;
			sourceTree = "<group>";
		};
		B01DFF162C10E7B400217F70 /* ComponentViews */ = {
			isa = PBXGroup;
			children = (
				B01DFF172C10E7C300217F70 /* HeaderView.swift */,
				B093278C2C11009000DA6ECD /* TDLButton.swift */,
			);
			path = ComponentViews;
			sourceTree = "<group>";
		};
/* End PBXGroup section */

/* Begin PBXNativeTarget section */
		B017DD0C2C10C80500EE1C9F /* ToDoList */ = {
			isa = PBXNativeTarget;
			buildConfigurationList = B017DD312C10C80600EE1C9F /* Build configuration list for PBXNativeTarget "ToDoList" */;
			buildPhases = (
				B017DD092C10C80500EE1C9F /* Sources */,
				B017DD0A2C10C80500EE1C9F /* Frameworks */,
				B017DD0B2C10C80500EE1C9F /* Resources */,
			);
			buildRules = (
			);
			dependencies = (
			);
			name = ToDoList;
			packageProductDependencies = (
				B01DFEEC2C10CDE900217F70 /* FirebaseAuth */,
				B01DFEEE2C10CDE900217F70 /* FirebaseFirestore */,
				B01DFEF02C10CDE900217F70 /* FirebaseFirestoreSwift */,
			);
			productName = ToDoList;
			productReference = B017DD0D2C10C80500EE1C9F /* ToDoList.app */;
			productType = "com.apple.product-type.application";
		};
		B017DD1C2C10C80600EE1C9F /* ToDoListTests */ = {
			isa = PBXNativeTarget;
			buildConfigurationList = B017DD342C10C80600EE1C9F /* Build configuration list for PBXNativeTarget "ToDoListTests" */;
			buildPhases = (
				B017DD192C10C80600EE1C9F /* Sources */,
				B017DD1A2C10C80600EE1C9F /* Frameworks */,
				B017DD1B2C10C80600EE1C9F /* Resources */,
			);
			buildRules = (
			);
			dependencies = (
				B017DD1F2C10C80600EE1C9F /* PBXTargetDependency */,
			);
			name = ToDoListTests;
			productName = ToDoListTests;
			productReference = B017DD1D2C10C80600EE1C9F /* ToDoListTests.xctest */;
			productType = "com.apple.product-type.bundle.unit-test";
		};
		B017DD262C10C80600EE1C9F /* ToDoListUITests */ = {
			isa = PBXNativeTarget;
			buildConfigurationList = B017DD372C10C80600EE1C9F /* Build configuration list for PBXNativeTarget "ToDoListUITests" */;
			buildPhases = (
				B017DD232C10C80600EE1C9F /* Sources */,
				B017DD242C10C80600EE1C9F /* Frameworks */,
				B017DD252C10C80600EE1C9F /* Resources */,
			);
			buildRules = (
			);
			dependencies = (
				B017DD292C10C80600EE1C9F /* PBXTargetDependency */,
			);
			name = ToDoListUITests;
			productName = ToDoListUITests;
			productReference = B017DD272C10C80600EE1C9F /* ToDoListUITests.xctest */;
			productType = "com.apple.product-type.bundle.ui-testing";
		};
/* End PBXNativeTarget section */

/* Begin PBXProject section */
		B017DD052C10C80500EE1C9F /* Project object */ = {
			isa = PBXProject;
			attributes = {
				BuildIndependentTargetsInParallel = 1;
				LastSwiftUpdateCheck = 1540;
				LastUpgradeCheck = 1540;
				TargetAttributes = {
					B017DD0C2C10C80500EE1C9F = {
						CreatedOnToolsVersion = 15.4;
					};
					B017DD1C2C10C80600EE1C9F = {
						CreatedOnToolsVersion = 15.4;
						TestTargetID = B017DD0C2C10C80500EE1C9F;
					};
					B017DD262C10C80600EE1C9F = {
						CreatedOnToolsVersion = 15.4;
						TestTargetID = B017DD0C2C10C80500EE1C9F;
					};
				};
			};
			buildConfigurationList = B017DD082C10C80500EE1C9F /* Build configuration list for PBXProject "ToDoList" */;
			compatibilityVersion = "Xcode 14.0";
			developmentRegion = en;
			hasScannedForEncodings = 0;
			knownRegions = (
				en,
				Base,
			);
			mainGroup = B017DD042C10C80500EE1C9F;
			packageReferences = (
				B01DFEEB2C10CD4300217F70 /* XCRemoteSwiftPackageReference "firebase-ios-sdk" */,
			);
			productRefGroup = B017DD0E2C10C80500EE1C9F /* Products */;
			projectDirPath = "";
			projectRoot = "";
			targets = (
				B017DD0C2C10C80500EE1C9F /* ToDoList */,
				B017DD1C2C10C80600EE1C9F /* ToDoListTests */,
				B017DD262C10C80600EE1C9F /* ToDoListUITests */,
			);
		};
/* End PBXProject section */

/* Begin PBXResourcesBuildPhase section */
		B017DD0B2C10C80500EE1C9F /* Resources */ = {
			isa = PBXResourcesBuildPhase;
			buildActionMask = 2147483647;
			files = (
				B01DFEE82C10CBE700217F70 /* GoogleService-Info.plist in Resources */,
				B017DD182C10C80600EE1C9F /* Preview Assets.xcassets in Resources */,
				B017DD152C10C80600EE1C9F /* Assets.xcassets in Resources */,
			);
			runOnlyForDeploymentPostprocessing = 0;
		};
		B017DD1B2C10C80600EE1C9F /* Resources */ = {
			isa = PBXResourcesBuildPhase;
			buildActionMask = 2147483647;
			files = (
				B01DFEE92C10CBE700217F70 /* GoogleService-Info.plist in Resources */,
			);
			runOnlyForDeploymentPostprocessing = 0;
		};
		B017DD252C10C80600EE1C9F /* Resources */ = {
			isa = PBXResourcesBuildPhase;
			buildActionMask = 2147483647;
			files = (
				B01DFEEA2C10CBE700217F70 /* GoogleService-Info.plist in Resources */,
			);
			runOnlyForDeploymentPostprocessing = 0;
		};
/* End PBXResourcesBuildPhase section */

/* Begin PBXSourcesBuildPhase section */
		B017DD092C10C80500EE1C9F /* Sources */ = {
			isa = PBXSourcesBuildPhase;
			buildActionMask = 2147483647;
			files = (
				B01DFEFD2C10E1C200217F70 /* LoginView.swift in Sources */,
				B01DFF182C10E7C300217F70 /* HeaderView.swift in Sources */,
				B017DD132C10C80500EE1C9F /* MainView.swift in Sources */,
				B01DFF032C10E20D00217F70 /* ToDoListView.swift in Sources */,
				B01DFF132C10E29E00217F70 /* RegisterViewModel.swift in Sources */,
				B01DFEF92C10E18300217F70 /* ToDoListItemsView.swift in Sources */,
				B093278D2C11009000DA6ECD /* TDLButton.swift in Sources */,
				B01DFEFF2C10E1CA00217F70 /* RegisterView.swift in Sources */,
				B01DFF052C10E22300217F70 /* User.swift in Sources */,
				B01DFF0B2C10E27700217F70 /* ProfileViewModel.swift in Sources */,
				B01DFEF72C10E12A00217F70 /* ProfileView.swift in Sources */,
				B01DFF112C10E29400217F70 /* LoginViewModel.swift in Sources */,
				B01DFF0F2C10E28D00217F70 /* NewItemViewModel.swift in Sources */,
				B017DD112C10C80500EE1C9F /* ToDoListApp.swift in Sources */,
				B01DFF072C10E22A00217F70 /* ToDoListItem.swift in Sources */,
				B01DFF152C10E2A700217F70 /* ToDoListViewModel.swift in Sources */,
				B01DFEFB2C10E1B100217F70 /* NewItemView.swift in Sources */,
				B01DFF0D2C10E28200217F70 /* ToDoListItemsViewModel.swift in Sources */,
				B01DFF092C10E26A00217F70 /* MainViewModel.swift in Sources */,
			);
			runOnlyForDeploymentPostprocessing = 0;
		};
		B017DD192C10C80600EE1C9F /* Sources */ = {
			isa = PBXSourcesBuildPhase;
			buildActionMask = 2147483647;
			files = (
			);
			runOnlyForDeploymentPostprocessing = 0;
		};
		B017DD232C10C80600EE1C9F /* Sources */ = {
			isa = PBXSourcesBuildPhase;
			buildActionMask = 2147483647;
			files = (
			);
			runOnlyForDeploymentPostprocessing = 0;
		};
/* End PBXSourcesBuildPhase section */

/* Begin PBXTargetDependency section */
		B017DD1F2C10C80600EE1C9F /* PBXTargetDependency */ = {
			isa = PBXTargetDependency;
			target = B017DD0C2C10C80500EE1C9F /* ToDoList */;
			targetProxy = B017DD1E2C10C80600EE1C9F /* PBXContainerItemProxy */;
		};
		B017DD292C10C80600EE1C9F /* PBXTargetDependency */ = {
			isa = PBXTargetDependency;
			target = B017DD0C2C10C80500EE1C9F /* ToDoList */;
			targetProxy = B017DD282C10C80600EE1C9F /* PBXContainerItemProxy */;
		};
/* End PBXTargetDependency section */

/* Begin XCBuildConfiguration section */
		B017DD2F2C10C80600EE1C9F /* Debug */ = {
			isa = XCBuildConfiguration;
			buildSettings = {
				ALWAYS_SEARCH_USER_PATHS = NO;
				ASSETCATALOG_COMPILER_GENERATE_SWIFT_ASSET_SYMBOL_EXTENSIONS = YES;
				CLANG_ANALYZER_NONNULL = YES;
				CLANG_ANALYZER_NUMBER_OBJECT_CONVERSION = YES_AGGRESSIVE;
				CLANG_CXX_LANGUAGE_STANDARD = "gnu++20";
				CLANG_ENABLE_MODULES = YES;
				CLANG_ENABLE_OBJC_ARC = YES;
				CLANG_ENABLE_OBJC_WEAK = YES;
				CLANG_WARN_BLOCK_CAPTURE_AUTORELEASING = YES;
				CLANG_WARN_BOOL_CONVERSION = YES;
				CLANG_WARN_COMMA = YES;
				CLANG_WARN_CONSTANT_CONVERSION = YES;
				CLANG_WARN_DEPRECATED_OBJC_IMPLEMENTATIONS = YES;
				CLANG_WARN_DIRECT_OBJC_ISA_USAGE = YES_ERROR;
				CLANG_WARN_DOCUMENTATION_COMMENTS = YES;
				CLANG_WARN_EMPTY_BODY = YES;
				CLANG_WARN_ENUM_CONVERSION = YES;
				CLANG_WARN_INFINITE_RECURSION = YES;
				CLANG_WARN_INT_CONVERSION = YES;
				CLANG_WARN_NON_LITERAL_NULL_CONVERSION = YES;
				CLANG_WARN_OBJC_IMPLICIT_RETAIN_SELF = YES;
				CLANG_WARN_OBJC_LITERAL_CONVERSION = YES;
				CLANG_WARN_OBJC_ROOT_CLASS = YES_ERROR;
				CLANG_WARN_QUOTED_INCLUDE_IN_FRAMEWORK_HEADER = YES;
				CLANG_WARN_RANGE_LOOP_ANALYSIS = YES;
				CLANG_WARN_STRICT_PROTOTYPES = YES;
				CLANG_WARN_SUSPICIOUS_MOVE = YES;
				CLANG_WARN_UNGUARDED_AVAILABILITY = YES_AGGRESSIVE;
				CLANG_WARN_UNREACHABLE_CODE = YES;
				CLANG_WARN__DUPLICATE_METHOD_MATCH = YES;
				COPY_PHASE_STRIP = NO;
				DEBUG_INFORMATION_FORMAT = dwarf;
				ENABLE_STRICT_OBJC_MSGSEND = YES;
				ENABLE_TESTABILITY = YES;
				ENABLE_USER_SCRIPT_SANDBOXING = YES;
				GCC_C_LANGUAGE_STANDARD = gnu17;
				GCC_DYNAMIC_NO_PIC = NO;
				GCC_NO_COMMON_BLOCKS = YES;
				GCC_OPTIMIZATION_LEVEL = 0;
				GCC_PREPROCESSOR_DEFINITIONS = (
					"DEBUG=1",
					"$(inherited)",
				);
				GCC_WARN_64_TO_32_BIT_CONVERSION = YES;
				GCC_WARN_ABOUT_RETURN_TYPE = YES_ERROR;
				GCC_WARN_UNDECLARED_SELECTOR = YES;
				GCC_WARN_UNINITIALIZED_AUTOS = YES_AGGRESSIVE;
				GCC_WARN_UNUSED_FUNCTION = YES;
				GCC_WARN_UNUSED_VARIABLE = YES;
				IPHONEOS_DEPLOYMENT_TARGET = 17.5;
				LOCALIZATION_PREFERS_STRING_CATALOGS = YES;
				MTL_ENABLE_DEBUG_INFO = INCLUDE_SOURCE;
				MTL_FAST_MATH = YES;
				ONLY_ACTIVE_ARCH = YES;
				SDKROOT = iphoneos;
				SWIFT_ACTIVE_COMPILATION_CONDITIONS = "DEBUG $(inherited)";
				SWIFT_OPTIMIZATION_LEVEL = "-Onone";
			};
			name = Debug;
		};
		B017DD302C10C80600EE1C9F /* Release */ = {
			isa = XCBuildConfiguration;
			buildSettings = {
				ALWAYS_SEARCH_USER_PATHS = NO;
				ASSETCATALOG_COMPILER_GENERATE_SWIFT_ASSET_SYMBOL_EXTENSIONS = YES;
				CLANG_ANALYZER_NONNULL = YES;
				CLANG_ANALYZER_NUMBER_OBJECT_CONVERSION = YES_AGGRESSIVE;
				CLANG_CXX_LANGUAGE_STANDARD = "gnu++20";
				CLANG_ENABLE_MODULES = YES;
				CLANG_ENABLE_OBJC_ARC = YES;
				CLANG_ENABLE_OBJC_WEAK = YES;
				CLANG_WARN_BLOCK_CAPTURE_AUTORELEASING = YES;
				CLANG_WARN_BOOL_CONVERSION = YES;
				CLANG_WARN_COMMA = YES;
				CLANG_WARN_CONSTANT_CONVERSION = YES;
				CLANG_WARN_DEPRECATED_OBJC_IMPLEMENTATIONS = YES;
				CLANG_WARN_DIRECT_OBJC_ISA_USAGE = YES_ERROR;
				CLANG_WARN_DOCUMENTATION_COMMENTS = YES;
				CLANG_WARN_EMPTY_BODY = YES;
				CLANG_WARN_ENUM_CONVERSION = YES;
				CLANG_WARN_INFINITE_RECURSION = YES;
				CLANG_WARN_INT_CONVERSION = YES;
				CLANG_WARN_NON_LITERAL_NULL_CONVERSION = YES;
				CLANG_WARN_OBJC_IMPLICIT_RETAIN_SELF = YES;
				CLANG_WARN_OBJC_LITERAL_CONVERSION = YES;
				CLANG_WARN_OBJC_ROOT_CLASS = YES_ERROR;
				CLANG_WARN_QUOTED_INCLUDE_IN_FRAMEWORK_HEADER = YES;
				CLANG_WARN_RANGE_LOOP_ANALYSIS = YES;
				CLANG_WARN_STRICT_PROTOTYPES = YES;
				CLANG_WARN_SUSPICIOUS_MOVE = YES;
				CLANG_WARN_UNGUARDED_AVAILABILITY = YES_AGGRESSIVE;
				CLANG_WARN_UNREACHABLE_CODE = YES;
				CLANG_WARN__DUPLICATE_METHOD_MATCH = YES;
				COPY_PHASE_STRIP = NO;
				DEBUG_INFORMATION_FORMAT = "dwarf-with-dsym";
				ENABLE_NS_ASSERTIONS = NO;
				ENABLE_STRICT_OBJC_MSGSEND = YES;
				ENABLE_USER_SCRIPT_SANDBOXING = YES;
				GCC_C_LANGUAGE_STANDARD = gnu17;
				GCC_NO_COMMON_BLOCKS = YES;
				GCC_WARN_64_TO_32_BIT_CONVERSION = YES;
				GCC_WARN_ABOUT_RETURN_TYPE = YES_ERROR;
				GCC_WARN_UNDECLARED_SELECTOR = YES;
				GCC_WARN_UNINITIALIZED_AUTOS = YES_AGGRESSIVE;
				GCC_WARN_UNUSED_FUNCTION = YES;
				GCC_WARN_UNUSED_VARIABLE = YES;
				IPHONEOS_DEPLOYMENT_TARGET = 17.5;
				LOCALIZATION_PREFERS_STRING_CATALOGS = YES;
				MTL_ENABLE_DEBUG_INFO = NO;
				MTL_FAST_MATH = YES;
				SDKROOT = iphoneos;
				SWIFT_COMPILATION_MODE = wholemodule;
				VALIDATE_PRODUCT = YES;
			};
			name = Release;
		};
		B017DD322C10C80600EE1C9F /* Debug */ = {
			isa = XCBuildConfiguration;
			buildSettings = {
				ASSETCATALOG_COMPILER_APPICON_NAME = AppIcon;
				ASSETCATALOG_COMPILER_GLOBAL_ACCENT_COLOR_NAME = AccentColor;
				CODE_SIGN_STYLE = Automatic;
				CURRENT_PROJECT_VERSION = 1;
				DEVELOPMENT_ASSET_PATHS = "\"ToDoList/Preview Content\"";
				DEVELOPMENT_TEAM = RMJ7M6SN8V;
				ENABLE_PREVIEWS = YES;
				GENERATE_INFOPLIST_FILE = YES;
				INFOPLIST_KEY_UIApplicationSceneManifest_Generation = YES;
				INFOPLIST_KEY_UIApplicationSupportsIndirectInputEvents = YES;
				INFOPLIST_KEY_UILaunchScreen_Generation = YES;
				INFOPLIST_KEY_UISupportedInterfaceOrientations_iPad = "UIInterfaceOrientationPortrait UIInterfaceOrientationPortraitUpsideDown UIInterfaceOrientationLandscapeLeft UIInterfaceOrientationLandscapeRight";
				INFOPLIST_KEY_UISupportedInterfaceOrientations_iPhone = "UIInterfaceOrientationPortrait UIInterfaceOrientationLandscapeLeft UIInterfaceOrientationLandscapeRight";
				LD_RUNPATH_SEARCH_PATHS = (
					"$(inherited)",
					"@executable_path/Frameworks",
				);
				MARKETING_VERSION = 1.0;
				PRODUCT_BUNDLE_IDENTIFIER = technischools.ToDoList;
				PRODUCT_NAME = "$(TARGET_NAME)";
				SWIFT_EMIT_LOC_STRINGS = YES;
				SWIFT_VERSION = 5.0;
				TARGETED_DEVICE_FAMILY = "1,2";
			};
			name = Debug;
		};
		B017DD332C10C80600EE1C9F /* Release */ = {
			isa = XCBuildConfiguration;
			buildSettings = {
				ASSETCATALOG_COMPILER_APPICON_NAME = AppIcon;
				ASSETCATALOG_COMPILER_GLOBAL_ACCENT_COLOR_NAME = AccentColor;
				CODE_SIGN_STYLE = Automatic;
				CURRENT_PROJECT_VERSION = 1;
				DEVELOPMENT_ASSET_PATHS = "\"ToDoList/Preview Content\"";
				DEVELOPMENT_TEAM = RMJ7M6SN8V;
				ENABLE_PREVIEWS = YES;
				GENERATE_INFOPLIST_FILE = YES;
				INFOPLIST_KEY_UIApplicationSceneManifest_Generation = YES;
				INFOPLIST_KEY_UIApplicationSupportsIndirectInputEvents = YES;
				INFOPLIST_KEY_UILaunchScreen_Generation = YES;
				INFOPLIST_KEY_UISupportedInterfaceOrientations_iPad = "UIInterfaceOrientationPortrait UIInterfaceOrientationPortraitUpsideDown UIInterfaceOrientationLandscapeLeft UIInterfaceOrientationLandscapeRight";
				INFOPLIST_KEY_UISupportedInterfaceOrientations_iPhone = "UIInterfaceOrientationPortrait UIInterfaceOrientationLandscapeLeft UIInterfaceOrientationLandscapeRight";
				LD_RUNPATH_SEARCH_PATHS = (
					"$(inherited)",
					"@executable_path/Frameworks",
				);
				MARKETING_VERSION = 1.0;
				PRODUCT_BUNDLE_IDENTIFIER = technischools.ToDoList;
				PRODUCT_NAME = "$(TARGET_NAME)";
				SWIFT_EMIT_LOC_STRINGS = YES;
				SWIFT_VERSION = 5.0;
				TARGETED_DEVICE_FAMILY = "1,2";
			};
			name = Release;
		};
		B017DD352C10C80600EE1C9F /* Debug */ = {
			isa = XCBuildConfiguration;
			buildSettings = {
				ALWAYS_EMBED_SWIFT_STANDARD_LIBRARIES = YES;
				BUNDLE_LOADER = "$(TEST_HOST)";
				CODE_SIGN_STYLE = Automatic;
				CURRENT_PROJECT_VERSION = 1;
				DEVELOPMENT_TEAM = RMJ7M6SN8V;
				GENERATE_INFOPLIST_FILE = YES;
				IPHONEOS_DEPLOYMENT_TARGET = 17.5;
				MARKETING_VERSION = 1.0;
				PRODUCT_BUNDLE_IDENTIFIER = technischools.ToDoListTests;
				PRODUCT_NAME = "$(TARGET_NAME)";
				SWIFT_EMIT_LOC_STRINGS = NO;
				SWIFT_VERSION = 5.0;
				TARGETED_DEVICE_FAMILY = "1,2";
				TEST_HOST = "$(BUILT_PRODUCTS_DIR)/ToDoList.app/$(BUNDLE_EXECUTABLE_FOLDER_PATH)/ToDoList";
			};
			name = Debug;
		};
		B017DD362C10C80600EE1C9F /* Release */ = {
			isa = XCBuildConfiguration;
			buildSettings = {
				ALWAYS_EMBED_SWIFT_STANDARD_LIBRARIES = YES;
				BUNDLE_LOADER = "$(TEST_HOST)";
				CODE_SIGN_STYLE = Automatic;
				CURRENT_PROJECT_VERSION = 1;
				DEVELOPMENT_TEAM = RMJ7M6SN8V;
				GENERATE_INFOPLIST_FILE = YES;
				IPHONEOS_DEPLOYMENT_TARGET = 17.5;
				MARKETING_VERSION = 1.0;
				PRODUCT_BUNDLE_IDENTIFIER = technischools.ToDoListTests;
				PRODUCT_NAME = "$(TARGET_NAME)";
				SWIFT_EMIT_LOC_STRINGS = NO;
				SWIFT_VERSION = 5.0;
				TARGETED_DEVICE_FAMILY = "1,2";
				TEST_HOST = "$(BUILT_PRODUCTS_DIR)/ToDoList.app/$(BUNDLE_EXECUTABLE_FOLDER_PATH)/ToDoList";
			};
			name = Release;
		};
		B017DD382C10C80600EE1C9F /* Debug */ = {
			isa = XCBuildConfiguration;
			buildSettings = {
				ALWAYS_EMBED_SWIFT_STANDARD_LIBRARIES = YES;
				CODE_SIGN_STYLE = Automatic;
				CURRENT_PROJECT_VERSION = 1;
				DEVELOPMENT_TEAM = RMJ7M6SN8V;
				GENERATE_INFOPLIST_FILE = YES;
				MARKETING_VERSION = 1.0;
				PRODUCT_BUNDLE_IDENTIFIER = technischools.ToDoListUITests;
				PRODUCT_NAME = "$(TARGET_NAME)";
				SWIFT_EMIT_LOC_STRINGS = NO;
				SWIFT_VERSION = 5.0;
				TARGETED_DEVICE_FAMILY = "1,2";
				TEST_TARGET_NAME = ToDoList;
			};
			name = Debug;
		};
		B017DD392C10C80600EE1C9F /* Release */ = {
			isa = XCBuildConfiguration;
			buildSettings = {
				ALWAYS_EMBED_SWIFT_STANDARD_LIBRARIES = YES;
				CODE_SIGN_STYLE = Automatic;
				CURRENT_PROJECT_VERSION = 1;
				DEVELOPMENT_TEAM = RMJ7M6SN8V;
				GENERATE_INFOPLIST_FILE = YES;
				MARKETING_VERSION = 1.0;
				PRODUCT_BUNDLE_IDENTIFIER = technischools.ToDoListUITests;
				PRODUCT_NAME = "$(TARGET_NAME)";
				SWIFT_EMIT_LOC_STRINGS = NO;
				SWIFT_VERSION = 5.0;
				TARGETED_DEVICE_FAMILY = "1,2";
				TEST_TARGET_NAME = ToDoList;
			};
			name = Release;
		};
/* End XCBuildConfiguration section */

/* Begin XCConfigurationList section */
		B017DD082C10C80500EE1C9F /* Build configuration list for PBXProject "ToDoList" */ = {
			isa = XCConfigurationList;
			buildConfigurations = (
				B017DD2F2C10C80600EE1C9F /* Debug */,
				B017DD302C10C80600EE1C9F /* Release */,
			);
			defaultConfigurationIsVisible = 0;
			defaultConfigurationName = Release;
		};
		B017DD312C10C80600EE1C9F /* Build configuration list for PBXNativeTarget "ToDoList" */ = {
			isa = XCConfigurationList;
			buildConfigurations = (
				B017DD322C10C80600EE1C9F /* Debug */,
				B017DD332C10C80600EE1C9F /* Release */,
			);
			defaultConfigurationIsVisible = 0;
			defaultConfigurationName = Release;
		};
		B017DD342C10C80600EE1C9F /* Build configuration list for PBXNativeTarget "ToDoListTests" */ = {
			isa = XCConfigurationList;
			buildConfigurations = (
				B017DD352C10C80600EE1C9F /* Debug */,
				B017DD362C10C80600EE1C9F /* Release */,
			);
			defaultConfigurationIsVisible = 0;
			defaultConfigurationName = Release;
		};
		B017DD372C10C80600EE1C9F /* Build configuration list for PBXNativeTarget "ToDoListUITests" */ = {
			isa = XCConfigurationList;
			buildConfigurations = (
				B017DD382C10C80600EE1C9F /* Debug */,
				B017DD392C10C80600EE1C9F /* Release */,
			);
			defaultConfigurationIsVisible = 0;
			defaultConfigurationName = Release;
		};
/* End XCConfigurationList section */

/* Begin XCRemoteSwiftPackageReference section */
		B01DFEEB2C10CD4300217F70 /* XCRemoteSwiftPackageReference "firebase-ios-sdk" */ = {
			isa = XCRemoteSwiftPackageReference;
			repositoryURL = "https://github.com/firebase/firebase-ios-sdk";
			requirement = {
				kind = upToNextMajorVersion;
				minimumVersion = 10.27.0;
			};
		};
/* End XCRemoteSwiftPackageReference section */

/* Begin XCSwiftPackageProductDependency section */
		B01DFEEC2C10CDE900217F70 /* FirebaseAuth */ = {
			isa = XCSwiftPackageProductDependency;
			package = B01DFEEB2C10CD4300217F70 /* XCRemoteSwiftPackageReference "firebase-ios-sdk" */;
			productName = FirebaseAuth;
		};
		B01DFEEE2C10CDE900217F70 /* FirebaseFirestore */ = {
			isa = XCSwiftPackageProductDependency;
			package = B01DFEEB2C10CD4300217F70 /* XCRemoteSwiftPackageReference "firebase-ios-sdk" */;
			productName = FirebaseFirestore;
		};
		B01DFEF02C10CDE900217F70 /* FirebaseFirestoreSwift */ = {
			isa = XCSwiftPackageProductDependency;
			package = B01DFEEB2C10CD4300217F70 /* XCRemoteSwiftPackageReference "firebase-ios-sdk" */;
			productName = FirebaseFirestoreSwift;
		};
/* End XCSwiftPackageProductDependency section */
	};
	rootObject = B017DD052C10C80500EE1C9F /* Project object */;
}
